
Microsoft Visual Studio Solution File, Format Version 12.00
# Visual Studio Version 17
VisualStudioVersion = 17.7.34024.191
MinimumVisualStudioVersion = 10.0.40219.1
Project("{9A19103F-16F7-4668-BE54-9A1E7A4F7556}") = "Lab1", "Lab1\Lab1.csproj", "{B456737A-BA9F-489A-AF00-A299F35EC553}"
EndProject
Project("{9A19103F-16F7-4668-BE54-9A1E7A4F7556}") = "Lab2", "Lab2\Lab2.csproj", "{95EEC0F1-B68F-40F0-A227-1968BCAFD618}"
EndProject
Project("{9A19103F-16F7-4668-BE54-9A1E7A4F7556}") = "Lab3", "Lab3\Lab3.csproj", "{B7A6CC96-6129-457B-96BB-B6D5426B425E}"
EndProject
Project("{2150E333-8FDC-42A3-9474-1A3956D46DE8}") = "Lab5", "Lab5", "{5BC063BA-2EC4-48C8-AB3E-4197BDA00EAB}"
EndProject
Project("{FAE04EC0-301F-11D3-BF4B-00C04F79EFBC}") = "LabsLibrary", "Lab5\LabsLibrary\LabsLibrary.csproj", "{75245634-B6B9-4CE8-A91A-0EDBDA4426FE}"
EndProject
Project("{9A19103F-16F7-4668-BE54-9A1E7A4F7556}") = "Lab5", "Lab5\Lab5\Lab5.csproj", "{1247D4B8-2CDC-4869-8DB9-6E03A6812D4E}"
EndProject
Project("{2150E333-8FDC-42A3-9474-1A3956D46DE8}") = "Lab4", "Lab4", "{A7305B00-811C-4A6B-9338-AE9835237162}"
EndProject
Project("{FAE04EC0-301F-11D3-BF4B-00C04F79EFBC}") = "LabsLibrary", "Lab4\LabsLibrary\LabsLibrary.csproj", "{97EBF8E0-40E0-45D3-955A-419D3745542C}"
EndProject
Project("{FAE04EC0-301F-11D3-BF4B-00C04F79EFBC}") = "Lab4", "Lab4\Lab4\Lab4.csproj", "{E9C983E9-8E78-4910-8A8B-A687CF6D0496}"
EndProject
Global
	GlobalSection(SolutionConfigurationPlatforms) = preSolution
		Debug|Any CPU = Debug|Any CPU
		Release|Any CPU = Release|Any CPU
	EndGlobalSection
	GlobalSection(ProjectConfigurationPlatforms) = postSolution
		{B456737A-BA9F-489A-AF00-A299F35EC553}.Debug|Any CPU.ActiveCfg = Debug|Any CPU
		{B456737A-BA9F-489A-AF00-A299F35EC553}.Debug|Any CPU.Build.0 = Debug|Any CPU
		{B456737A-BA9F-489A-AF00-A299F35EC553}.Release|Any CPU.ActiveCfg = Release|Any CPU
		{B456737A-BA9F-489A-AF00-A299F35EC553}.Release|Any CPU.Build.0 = Release|Any CPU
		{95EEC0F1-B68F-40F0-A227-1968BCAFD618}.Debug|Any CPU.ActiveCfg = Debug|Any CPU
		{95EEC0F1-B68F-40F0-A227-1968BCAFD618}.Debug|Any CPU.Build.0 = Debug|Any CPU
		{95EEC0F1-B68F-40F0-A227-1968BCAFD618}.Release|Any CPU.ActiveCfg = Release|Any CPU
		{95EEC0F1-B68F-40F0-A227-1968BCAFD618}.Release|Any CPU.Build.0 = Release|Any CPU
		{B7A6CC96-6129-457B-96BB-B6D5426B425E}.Debug|Any CPU.ActiveCfg = Debug|Any CPU
		{B7A6CC96-6129-457B-96BB-B6D5426B425E}.Debug|Any CPU.Build.0 = Debug|Any CPU
		{B7A6CC96-6129-457B-96BB-B6D5426B425E}.Release|Any CPU.ActiveCfg = Release|Any CPU
		{B7A6CC96-6129-457B-96BB-B6D5426B425E}.Release|Any CPU.Build.0 = Release|Any CPU
		{75245634-B6B9-4CE8-A91A-0EDBDA4426FE}.Debug|Any CPU.ActiveCfg = Debug|Any CPU
		{75245634-B6B9-4CE8-A91A-0EDBDA4426FE}.Debug|Any CPU.Build.0 = Debug|Any CPU
		{75245634-B6B9-4CE8-A91A-0EDBDA4426FE}.Release|Any CPU.ActiveCfg = Release|Any CPU
		{75245634-B6B9-4CE8-A91A-0EDBDA4426FE}.Release|Any CPU.Build.0 = Release|Any CPU
		{1247D4B8-2CDC-4869-8DB9-6E03A6812D4E}.Debug|Any CPU.ActiveCfg = Debug|Any CPU
		{1247D4B8-2CDC-4869-8DB9-6E03A6812D4E}.Debug|Any CPU.Build.0 = Debug|Any CPU
		{1247D4B8-2CDC-4869-8DB9-6E03A6812D4E}.Release|Any CPU.ActiveCfg = Release|Any CPU
		{1247D4B8-2CDC-4869-8DB9-6E03A6812D4E}.Release|Any CPU.Build.0 = Release|Any CPU
		{97EBF8E0-40E0-45D3-955A-419D3745542C}.Debug|Any CPU.ActiveCfg = Debug|Any CPU
		{97EBF8E0-40E0-45D3-955A-419D3745542C}.Debug|Any CPU.Build.0 = Debug|Any CPU
		{97EBF8E0-40E0-45D3-955A-419D3745542C}.Release|Any CPU.ActiveCfg = Release|Any CPU
		{97EBF8E0-40E0-45D3-955A-419D3745542C}.Release|Any CPU.Build.0 = Release|Any CPU
		{E9C983E9-8E78-4910-8A8B-A687CF6D0496}.Debug|Any CPU.ActiveCfg = Debug|Any CPU
		{E9C983E9-8E78-4910-8A8B-A687CF6D0496}.Debug|Any CPU.Build.0 = Debug|Any CPU
		{E9C983E9-8E78-4910-8A8B-A687CF6D0496}.Release|Any CPU.ActiveCfg = Release|Any CPU
		{E9C983E9-8E78-4910-8A8B-A687CF6D0496}.Release|Any CPU.Build.0 = Release|Any CPU
	EndGlobalSection
	GlobalSection(SolutionProperties) = preSolution
		HideSolutionNode = FALSE
	EndGlobalSection
	GlobalSection(NestedProjects) = preSolution
		{75245634-B6B9-4CE8-A91A-0EDBDA4426FE} = {5BC063BA-2EC4-48C8-AB3E-4197BDA00EAB}
		{1247D4B8-2CDC-4869-8DB9-6E03A6812D4E} = {5BC063BA-2EC4-48C8-AB3E-4197BDA00EAB}
		{97EBF8E0-40E0-45D3-955A-419D3745542C} = {A7305B00-811C-4A6B-9338-AE9835237162}
		{E9C983E9-8E78-4910-8A8B-A687CF6D0496} = {A7305B00-811C-4A6B-9338-AE9835237162}
	EndGlobalSection
	GlobalSection(ExtensibilityGlobals) = postSolution
		SolutionGuid = {F47DDA4B-E78E-4E7E-89D2-1FEA53FEC858}
	EndGlobalSection
EndGlobal
